
Microsoft Visual Studio Solution File, Format Version 12.00
# Visual Studio Version 16
VisualStudioVersion = 16.0.30225.117
MinimumVisualStudioVersion = 10.0.40219.1
Project("{FAE04EC0-301F-11D3-BF4B-00C04F79EFBC}") = "QuanLyNhanSu", "QuanLyNhanSu\QuanLyNhanSu.csproj", "{013157CD-14EF-417A-BB54-49F9B1E1C9C2}"
EndProject
Global
	GlobalSection(SolutionConfigurationPlatforms) = preSolution
		Debug|Any CPU = Debug|Any CPU
		Release|Any CPU = Release|Any CPU
	EndGlobalSection
	GlobalSection(ProjectConfigurationPlatforms) = postSolution
		{013157CD-14EF-417A-BB54-49F9B1E1C9C2}.Debug|Any CPU.ActiveCfg = Debug|Any CPU
		{013157CD-14EF-417A-BB54-49F9B1E1C9C2}.Debug|Any CPU.Build.0 = Debug|Any CPU
		{013157CD-14EF-417A-BB54-49F9B1E1C9C2}.Release|Any CPU.ActiveCfg = Release|Any CPU
		{013157CD-14EF-417A-BB54-49F9B1E1C9C2}.Release|Any CPU.Build.0 = Release|Any CPU
	EndGlobalSection
	GlobalSection(SolutionProperties) = preSolution
		HideSolutionNode = FALSE
	EndGlobalSection
	GlobalSection(ExtensibilityGlobals) = postSolution
		SolutionGuid = {533127C3-71FC-4F51-8DDC-52B1F27A351F}
	EndGlobalSection
EndGlobal
